
Microsoft Visual Studio Solution File, Format Version 12.00
# Visual Studio Version 17
VisualStudioVersion = 17.14.36109.1
MinimumVisualStudioVersion = 10.0.40219.1
Project("{FAE04EC0-301F-11D3-BF4B-00C04F79EFBC}") = "Omryar", "Omryar\Omryar.csproj", "{F3897F87-567C-44B2-8B2E-A6291DFFBD77}"
EndProject
Project("{FAE04EC0-301F-11D3-BF4B-00C04F79EFBC}") = "Omryar.Domain", "Omryar.Domain\Omryar.Domain.csproj", "{4CA68A03-8127-451E-B21D-FE5C0D154F43}"
EndProject
Project("{FAE04EC0-301F-11D3-BF4B-00C04F79EFBC}") = "Omryar.DAL", "Omryar.DAL\Omryar.DAL.csproj", "{603F6110-9112-49A1-811B-918FB0EF394F}"
EndProject
Project("{FAE04EC0-301F-11D3-BF4B-00C04F79EFBC}") = "Omryar.Service", "Omryar.Service\Omryar.Service.csproj", "{C2B814CB-D255-424E-87E0-655D20674A91}"
EndProject
Project("{FAE04EC0-301F-11D3-BF4B-00C04F79EFBC}") = "Omryar.Shared", "Omryar.Shared\Omryar.Shared.csproj", "{645F85AF-FAE5-4022-AA7F-55E66C8C7203}"
EndProject
Global
	GlobalSection(SolutionConfigurationPlatforms) = preSolution
		Debug|Any CPU = Debug|Any CPU
		Release|Any CPU = Release|Any CPU
	EndGlobalSection
	GlobalSection(ProjectConfigurationPlatforms) = postSolution
		{F3897F87-567C-44B2-8B2E-A6291DFFBD77}.Debug|Any CPU.ActiveCfg = Debug|Any CPU
		{F3897F87-567C-44B2-8B2E-A6291DFFBD77}.Debug|Any CPU.Build.0 = Debug|Any CPU
		{F3897F87-567C-44B2-8B2E-A6291DFFBD77}.Release|Any CPU.ActiveCfg = Release|Any CPU
		{F3897F87-567C-44B2-8B2E-A6291DFFBD77}.Release|Any CPU.Build.0 = Release|Any CPU
		{4CA68A03-8127-451E-B21D-FE5C0D154F43}.Debug|Any CPU.ActiveCfg = Debug|Any CPU
		{4CA68A03-8127-451E-B21D-FE5C0D154F43}.Debug|Any CPU.Build.0 = Debug|Any CPU
		{4CA68A03-8127-451E-B21D-FE5C0D154F43}.Release|Any CPU.ActiveCfg = Release|Any CPU
		{4CA68A03-8127-451E-B21D-FE5C0D154F43}.Release|Any CPU.Build.0 = Release|Any CPU
		{603F6110-9112-49A1-811B-918FB0EF394F}.Debug|Any CPU.ActiveCfg = Debug|Any CPU
		{603F6110-9112-49A1-811B-918FB0EF394F}.Debug|Any CPU.Build.0 = Debug|Any CPU
		{603F6110-9112-49A1-811B-918FB0EF394F}.Release|Any CPU.ActiveCfg = Release|Any CPU
		{603F6110-9112-49A1-811B-918FB0EF394F}.Release|Any CPU.Build.0 = Release|Any CPU
		{C2B814CB-D255-424E-87E0-655D20674A91}.Debug|Any CPU.ActiveCfg = Debug|Any CPU
		{C2B814CB-D255-424E-87E0-655D20674A91}.Debug|Any CPU.Build.0 = Debug|Any CPU
		{C2B814CB-D255-424E-87E0-655D20674A91}.Release|Any CPU.ActiveCfg = Release|Any CPU
		{C2B814CB-D255-424E-87E0-655D20674A91}.Release|Any CPU.Build.0 = Release|Any CPU
		{645F85AF-FAE5-4022-AA7F-55E66C8C7203}.Debug|Any CPU.ActiveCfg = Debug|Any CPU
		{645F85AF-FAE5-4022-AA7F-55E66C8C7203}.Debug|Any CPU.Build.0 = Debug|Any CPU
		{645F85AF-FAE5-4022-AA7F-55E66C8C7203}.Release|Any CPU.ActiveCfg = Release|Any CPU
		{645F85AF-FAE5-4022-AA7F-55E66C8C7203}.Release|Any CPU.Build.0 = Release|Any CPU
	EndGlobalSection
	GlobalSection(SolutionProperties) = preSolution
		HideSolutionNode = FALSE
	EndGlobalSection
	GlobalSection(ExtensibilityGlobals) = postSolution
		SolutionGuid = {9FFF55A7-8B1D-4FC6-9370-3F2B8BC522DF}
	EndGlobalSection
EndGlobal
